
Microsoft Visual Studio Solution File, Format Version 12.00
# Visual Studio Version 17
VisualStudioVersion = 17.13.35825.156
MinimumVisualStudioVersion = 10.0.40219.1
Project("{2150E333-8FDC-42A3-9474-1A3956D46DE8}") = "src", "src", "{02EA681E-C7D8-13C7-8484-4AC65E1B71E8}"
EndProject
Project("{2150E333-8FDC-42A3-9474-1A3956D46DE8}") = "Solution Items", "Solution Items", "{C831B24D-8A5B-4DDC-86C7-D6A820D95785}"
	ProjectSection(SolutionItems) = preProject
		Directory.Build.props = Directory.Build.props
		Directory.Packages.props = Directory.Packages.props
	EndProjectSection
EndProject
Project("{2150E333-8FDC-42A3-9474-1A3956D46DE8}") = "Core", "Core", "{66693AC3-4875-4CE7-B670-1B113E1ACC81}"
EndProject
Project("{2150E333-8FDC-42A3-9474-1A3956D46DE8}") = "Infrastructure", "Infrastructure", "{8570FAB0-8A20-4DE6-851D-94CC098C257C}"
EndProject
Project("{2150E333-8FDC-42A3-9474-1A3956D46DE8}") = "Presentation", "Presentation", "{DCFCEFB8-59E3-49C9-B70D-9911962BD399}"
EndProject
Project("{FAE04EC0-301F-11D3-BF4B-00C04F79EFBC}") = "Shop.Core", "src\Core\Shop.Core\Shop.Core.csproj", "{4FBF2BE8-614E-4177-B156-9D98A4CA3397}"
EndProject
Project("{FAE04EC0-301F-11D3-BF4B-00C04F79EFBC}") = "Shop.Domain", "src\Core\Shop.Domain\Shop.Domain.csproj", "{3323E630-0439-4E55-95B0-33DF1BB00D19}"
EndProject
Project("{FAE04EC0-301F-11D3-BF4B-00C04F79EFBC}") = "Shop.Application", "src\Core\Shop.Application\Shop.Application.csproj", "{CA6551CE-17EA-4609-9659-6C36B41AC938}"
EndProject
Project("{FAE04EC0-301F-11D3-BF4B-00C04F79EFBC}") = "Shop.Query", "src\Core\Shop.Query\Shop.Query.csproj", "{148B36AD-9F42-465A-900E-A209B5C6DFAF}"
EndProject
Project("{FAE04EC0-301F-11D3-BF4B-00C04F79EFBC}") = "Shop.Infrastructure", "src\Infrastructure\Shop.Infrastructure\Shop.Infrastructure.csproj", "{AA4D67A8-00D8-4D83-9A6A-2B5E9BFF8E33}"
EndProject
Global
	GlobalSection(SolutionConfigurationPlatforms) = preSolution
		Debug|Any CPU = Debug|Any CPU
		Release|Any CPU = Release|Any CPU
	EndGlobalSection
	GlobalSection(ProjectConfigurationPlatforms) = postSolution
		{4FBF2BE8-614E-4177-B156-9D98A4CA3397}.Debug|Any CPU.ActiveCfg = Debug|Any CPU
		{4FBF2BE8-614E-4177-B156-9D98A4CA3397}.Debug|Any CPU.Build.0 = Debug|Any CPU
		{4FBF2BE8-614E-4177-B156-9D98A4CA3397}.Release|Any CPU.ActiveCfg = Release|Any CPU
		{4FBF2BE8-614E-4177-B156-9D98A4CA3397}.Release|Any CPU.Build.0 = Release|Any CPU
		{3323E630-0439-4E55-95B0-33DF1BB00D19}.Debug|Any CPU.ActiveCfg = Debug|Any CPU
		{3323E630-0439-4E55-95B0-33DF1BB00D19}.Debug|Any CPU.Build.0 = Debug|Any CPU
		{3323E630-0439-4E55-95B0-33DF1BB00D19}.Release|Any CPU.ActiveCfg = Release|Any CPU
		{3323E630-0439-4E55-95B0-33DF1BB00D19}.Release|Any CPU.Build.0 = Release|Any CPU
		{CA6551CE-17EA-4609-9659-6C36B41AC938}.Debug|Any CPU.ActiveCfg = Debug|Any CPU
		{CA6551CE-17EA-4609-9659-6C36B41AC938}.Debug|Any CPU.Build.0 = Debug|Any CPU
		{CA6551CE-17EA-4609-9659-6C36B41AC938}.Release|Any CPU.ActiveCfg = Release|Any CPU
		{CA6551CE-17EA-4609-9659-6C36B41AC938}.Release|Any CPU.Build.0 = Release|Any CPU
		{148B36AD-9F42-465A-900E-A209B5C6DFAF}.Debug|Any CPU.ActiveCfg = Debug|Any CPU
		{148B36AD-9F42-465A-900E-A209B5C6DFAF}.Debug|Any CPU.Build.0 = Debug|Any CPU
		{148B36AD-9F42-465A-900E-A209B5C6DFAF}.Release|Any CPU.ActiveCfg = Release|Any CPU
		{148B36AD-9F42-465A-900E-A209B5C6DFAF}.Release|Any CPU.Build.0 = Release|Any CPU
		{AA4D67A8-00D8-4D83-9A6A-2B5E9BFF8E33}.Debug|Any CPU.ActiveCfg = Debug|Any CPU
		{AA4D67A8-00D8-4D83-9A6A-2B5E9BFF8E33}.Debug|Any CPU.Build.0 = Debug|Any CPU
		{AA4D67A8-00D8-4D83-9A6A-2B5E9BFF8E33}.Release|Any CPU.ActiveCfg = Release|Any CPU
		{AA4D67A8-00D8-4D83-9A6A-2B5E9BFF8E33}.Release|Any CPU.Build.0 = Release|Any CPU
	EndGlobalSection
	GlobalSection(SolutionProperties) = preSolution
		HideSolutionNode = FALSE
	EndGlobalSection
	GlobalSection(NestedProjects) = preSolution
		{66693AC3-4875-4CE7-B670-1B113E1ACC81} = {02EA681E-C7D8-13C7-8484-4AC65E1B71E8}
		{8570FAB0-8A20-4DE6-851D-94CC098C257C} = {02EA681E-C7D8-13C7-8484-4AC65E1B71E8}
		{DCFCEFB8-59E3-49C9-B70D-9911962BD399} = {02EA681E-C7D8-13C7-8484-4AC65E1B71E8}
		{4FBF2BE8-614E-4177-B156-9D98A4CA3397} = {66693AC3-4875-4CE7-B670-1B113E1ACC81}
		{3323E630-0439-4E55-95B0-33DF1BB00D19} = {66693AC3-4875-4CE7-B670-1B113E1ACC81}
		{CA6551CE-17EA-4609-9659-6C36B41AC938} = {66693AC3-4875-4CE7-B670-1B113E1ACC81}
		{148B36AD-9F42-465A-900E-A209B5C6DFAF} = {66693AC3-4875-4CE7-B670-1B113E1ACC81}
		{AA4D67A8-00D8-4D83-9A6A-2B5E9BFF8E33} = {8570FAB0-8A20-4DE6-851D-94CC098C257C}
	EndGlobalSection
	GlobalSection(ExtensibilityGlobals) = postSolution
		SolutionGuid = {EF4B0A90-B01B-4867-9618-DBA4FA865523}
	EndGlobalSection
EndGlobal
